Microsoft Visual Studio Solution File, Format Version 11.00
# Visual Studio 2008

Project("{BF87ED0A-5EB7-C811-DFCD-47963BF44F03}") = "RRG", "Assembly-CSharp-firstpass-vs.csproj", "{538FA4D5-BE0E-2C1C-471C-37FB83AFAF21}"
EndProject
Project("{BF87ED0A-5EB7-C811-DFCD-47963BF44F03}") = "RRG", "Assembly-CSharp-Editor-vs.csproj", "{051D81B7-1D53-D05E-5416-E0F386AF2487}"
EndProject
Global
	GlobalSection(SolutionConfigurationPlatforms) = preSolution
		Debug|Any CPU = Debug|Any CPU
		Release|Any CPU = Release|Any CPU
	EndGlobalSection
	GlobalSection(ProjectConfigurationPlatforms) = postSolution
		{538FA4D5-BE0E-2C1C-471C-37FB83AFAF21}.Debug|Any CPU.ActiveCfg = Debug|Any CPU
		{538FA4D5-BE0E-2C1C-471C-37FB83AFAF21}.Debug|Any CPU.Build.0 = Debug|Any CPU
		{538FA4D5-BE0E-2C1C-471C-37FB83AFAF21}.Release|Any CPU.ActiveCfg = Release|Any CPU
		{538FA4D5-BE0E-2C1C-471C-37FB83AFAF21}.Release|Any CPU.Build.0 = Release|Any CPU
		{051D81B7-1D53-D05E-5416-E0F386AF2487}.Debug|Any CPU.ActiveCfg = Debug|Any CPU
		{051D81B7-1D53-D05E-5416-E0F386AF2487}.Debug|Any CPU.Build.0 = Debug|Any CPU
		{051D81B7-1D53-D05E-5416-E0F386AF2487}.Release|Any CPU.ActiveCfg = Release|Any CPU
		{051D81B7-1D53-D05E-5416-E0F386AF2487}.Release|Any CPU.Build.0 = Release|Any CPU
	EndGlobalSection
	GlobalSection(SolutionProperties) = preSolution
		HideSolutionNode = FALSE
	EndGlobalSection
		GlobalSection(MonoDevelopProperties) = preSolution
		StartupItem = Assembly-CSharp.csproj
		Policies = $0
		$0.TextStylePolicy = $1
		$1.inheritsSet = null
		$1.scope = text/x-csharp
		$0.CSharpFormattingPolicy = $2
		$2.inheritsSet = Mono
		$2.inheritsScope = text/x-csharp
		$2.scope = text/x-csharp
		$0.TextStylePolicy = $3
		$3.FileWidth = 120
		$3.TabWidth = 4
		$3.IndentWidth = 4
		$3.EolMarker = Unix
		$3.inheritsSet = Mono
		$3.inheritsScope = text/plain
		$3.scope = text/plain
	EndGlobalSection

EndGlobal
